
Microsoft Visual Studio Solution File, Format Version 12.00
# Visual Studio Version 16
VisualStudioVersion = 16.0.29324.140
MinimumVisualStudioVersion = 10.0.40219.1
Project("{8BC9CEB8-8B4A-11D0-8D11-00A0C91BC942}") = "pointer_", "pointer_\pointer_.vcxproj", "{ED4F883A-64E1-4200-B244-DE42A8F77BE3}"
EndProject
Global
	GlobalSection(SolutionConfigurationPlatforms) = preSolution
		Debug|x64 = Debug|x64
		Debug|x86 = Debug|x86
		Release|x64 = Release|x64
		Release|x86 = Release|x86
	EndGlobalSection
	GlobalSection(ProjectConfigurationPlatforms) = postSolution
		{ED4F883A-64E1-4200-B244-DE42A8F77BE3}.Debug|x64.ActiveCfg = Debug|x64
		{ED4F883A-64E1-4200-B244-DE42A8F77BE3}.Debug|x64.Build.0 = Debug|x64
		{ED4F883A-64E1-4200-B244-DE42A8F77BE3}.Debug|x86.ActiveCfg = Debug|Win32
		{ED4F883A-64E1-4200-B244-DE42A8F77BE3}.Debug|x86.Build.0 = Debug|Win32
		{ED4F883A-64E1-4200-B244-DE42A8F77BE3}.Release|x64.ActiveCfg = Release|x64
		{ED4F883A-64E1-4200-B244-DE42A8F77BE3}.Release|x64.Build.0 = Release|x64
		{ED4F883A-64E1-4200-B244-DE42A8F77BE3}.Release|x86.ActiveCfg = Release|Win32
		{ED4F883A-64E1-4200-B244-DE42A8F77BE3}.Release|x86.Build.0 = Release|Win32
	EndGlobalSection
	GlobalSection(SolutionProperties) = preSolution
		HideSolutionNode = FALSE
	EndGlobalSection
	GlobalSection(ExtensibilityGlobals) = postSolution
		SolutionGuid = {FE87C780-DE75-4B41-B097-6B7643709C07}
	EndGlobalSection
EndGlobal
